
Microsoft Visual Studio Solution File, Format Version 12.00
# Visual Studio 15
VisualStudioVersion = 15.0.27703.2047
MinimumVisualStudioVersion = 10.0.40219.1
Project("{FAE04EC0-301F-11D3-BF4B-00C04F79EFBC}") = "API", "API\API.csproj", "{170BD66B-3F3C-4F24-8D1E-FB1AFE398110}"
EndProject
Project("{FAE04EC0-301F-11D3-BF4B-00C04F79EFBC}") = "Migrador", "Migrador\Migrador.csproj", "{58E98CA4-6A1C-4EFD-AA81-33D24428963A}"
EndProject
Project("{FAE04EC0-301F-11D3-BF4B-00C04F79EFBC}") = "API.Tests", "API.Tests\API.Tests.csproj", "{CC0E22ED-3A5D-4C4F-8A45-E95B6EA2838E}"
EndProject
Project("{FAE04EC0-301F-11D3-BF4B-00C04F79EFBC}") = "View", "View\View.csproj", "{6769C92D-A49C-4D66-A79B-C498DA197E51}"
EndProject
Project("{FAE04EC0-301F-11D3-BF4B-00C04F79EFBC}") = "Interface", "Interface\Interface.csproj", "{053F508D-2855-4DC5-9AC8-E1E248709AE2}"
EndProject
Global
	GlobalSection(SolutionConfigurationPlatforms) = preSolution
		Debug|Any CPU = Debug|Any CPU
		Release|Any CPU = Release|Any CPU
	EndGlobalSection
	GlobalSection(ProjectConfigurationPlatforms) = postSolution
		{170BD66B-3F3C-4F24-8D1E-FB1AFE398110}.Debug|Any CPU.ActiveCfg = Debug|Any CPU
		{170BD66B-3F3C-4F24-8D1E-FB1AFE398110}.Debug|Any CPU.Build.0 = Debug|Any CPU
		{170BD66B-3F3C-4F24-8D1E-FB1AFE398110}.Release|Any CPU.ActiveCfg = Release|Any CPU
		{170BD66B-3F3C-4F24-8D1E-FB1AFE398110}.Release|Any CPU.Build.0 = Release|Any CPU
		{58E98CA4-6A1C-4EFD-AA81-33D24428963A}.Debug|Any CPU.ActiveCfg = Debug|Any CPU
		{58E98CA4-6A1C-4EFD-AA81-33D24428963A}.Debug|Any CPU.Build.0 = Debug|Any CPU
		{58E98CA4-6A1C-4EFD-AA81-33D24428963A}.Release|Any CPU.ActiveCfg = Release|Any CPU
		{58E98CA4-6A1C-4EFD-AA81-33D24428963A}.Release|Any CPU.Build.0 = Release|Any CPU
		{CC0E22ED-3A5D-4C4F-8A45-E95B6EA2838E}.Debug|Any CPU.ActiveCfg = Debug|Any CPU
		{CC0E22ED-3A5D-4C4F-8A45-E95B6EA2838E}.Debug|Any CPU.Build.0 = Debug|Any CPU
		{CC0E22ED-3A5D-4C4F-8A45-E95B6EA2838E}.Release|Any CPU.ActiveCfg = Release|Any CPU
		{CC0E22ED-3A5D-4C4F-8A45-E95B6EA2838E}.Release|Any CPU.Build.0 = Release|Any CPU
		{6769C92D-A49C-4D66-A79B-C498DA197E51}.Debug|Any CPU.ActiveCfg = Debug|Any CPU
		{6769C92D-A49C-4D66-A79B-C498DA197E51}.Debug|Any CPU.Build.0 = Debug|Any CPU
		{6769C92D-A49C-4D66-A79B-C498DA197E51}.Release|Any CPU.ActiveCfg = Release|Any CPU
		{6769C92D-A49C-4D66-A79B-C498DA197E51}.Release|Any CPU.Build.0 = Release|Any CPU
		{053F508D-2855-4DC5-9AC8-E1E248709AE2}.Debug|Any CPU.ActiveCfg = Debug|Any CPU
		{053F508D-2855-4DC5-9AC8-E1E248709AE2}.Debug|Any CPU.Build.0 = Debug|Any CPU
		{053F508D-2855-4DC5-9AC8-E1E248709AE2}.Release|Any CPU.ActiveCfg = Release|Any CPU
		{053F508D-2855-4DC5-9AC8-E1E248709AE2}.Release|Any CPU.Build.0 = Release|Any CPU
	EndGlobalSection
	GlobalSection(SolutionProperties) = preSolution
		HideSolutionNode = FALSE
	EndGlobalSection
	GlobalSection(ExtensibilityGlobals) = postSolution
		SolutionGuid = {5C4F517A-3BAF-4F81-A1CD-03CD004B2A14}
	EndGlobalSection
EndGlobal
